// !$*UTF8*$!
{
	archiveVersion = 1;
	classes = {
	};
	objectVersion = 77;
	objects = {

/* Begin PBXContainerItemProxy section */
		142DA561300A06E5009D1F34 /* PBXContainerItemProxy */ = {
			isa = PBXContainerItemProxy;
			containerPortal = 142DA547300A06E4009D1F34 /* Project object */;
			proxyType = 1;
			remoteGlobalIDString = 142DA54E300A06E4009D1F34;
			remoteInfo = Reson;
		};
		142DA56B300A06E5009D1F34 /* PBXContainerItemProxy */ = {
			isa = PBXContainerItemProxy;
			containerPortal = 142DA547300A06E4009D1F34 /* Project object */;
			proxyType = 1;
			remoteGlobalIDString = 142DA54E300A06E4009D1F34;
			remoteInfo = Reson;
		};
/* End PBXContainerItemProxy section */

/* Begin PBXFileReference section */
		A10000000000000000000001 /* ContentView.swift */ = {isa = PBXFileReference; lastKnownFileType = sourcecode.swift; path = ContentView.swift; sourceTree = "<group>"; };
		A10000000000000000000002 /* Item.swift */ = {isa = PBXFileReference; lastKnownFileType = sourcecode.swift; path = Item.swift; sourceTree = "<group>"; };
		A10000000000000000000003 /* ResonApp.swift */ = {isa = PBXFileReference; lastKnownFileType = sourcecode.swift; path = ResonApp.swift; sourceTree = "<group>"; };
		A10000000000000000000004 /* HomeView.swift */ = {isa = PBXFileReference; lastKnownFileType = sourcecode.swift; path = HomeView.swift; sourceTree = "<group>"; };
		A10000000000000000000005 /* TasksView.swift */ = {isa = PBXFileReference; lastKnownFileType = sourcecode.swift; path = TasksView.swift; sourceTree = "<group>"; };
		A10000000000000000000006 /* AIView.swift */ = {isa = PBXFileReference; lastKnownFileType = sourcecode.swift; path = AIView.swift; sourceTree = "<group>"; };
		A10000000000000000000007 /* BoardView.swift */ = {isa = PBXFileReference; lastKnownFileType = sourcecode.swift; path = BoardView.swift; sourceTree = "<group>"; };
		A10000000000000000000008 /* ProjectsView.swift */ = {isa = PBXFileReference; lastKnownFileType = sourcecode.swift; path = ProjectsView.swift; sourceTree = "<group>"; };
		A10000000000000000000009 /* SettingsView.swift */ = {isa = PBXFileReference; lastKnownFileType = sourcecode.swift; path = SettingsView.swift; sourceTree = "<group>"; };
		A1000000000000000000000A /* Assets.xcassets */ = {isa = PBXFileReference; lastKnownFileType = folder.assetcatalog; path = Assets.xcassets; sourceTree = "<group>"; };
		A1000000000000000000000B /* TaskItem.swift */ = {isa = PBXFileReference; lastKnownFileType = sourcecode.swift; path = TaskItem.swift; sourceTree = "<group>"; };
		A1000000000000000000000C /* ProjectItem.swift */ = {isa = PBXFileReference; lastKnownFileType = sourcecode.swift; path = ProjectItem.swift; sourceTree = "<group>"; };
		A1000000000000000000000D /* ProgressView.swift */ = {isa = PBXFileReference; lastKnownFileType = sourcecode.swift; path = ProgressView.swift; sourceTree = "<group>"; };
		A1000000000000000000000E /* TaskSkipHandling.swift */ = {isa = PBXFileReference; lastKnownFileType = sourcecode.swift; path = TaskSkipHandling.swift; sourceTree = "<group>"; };
		142DA54F300A06E4009D1F34 /* Reson.app */ = {isa = PBXFileReference; explicitFileType = wrapper.application; includeInIndex = 0; path = Reson.app; sourceTree = BUILT_PRODUCTS_DIR; };
		142DA560300A06E5009D1F34 /* ResonTests.xctest */ = {isa = PBXFileReference; explicitFileType = wrapper.cfbundle; includeInIndex = 0; path = ResonTests.xctest; sourceTree = BUILT_PRODUCTS_DIR; };
		142DA56A300A06E5009D1F34 /* ResonUITests.xctest */ = {isa = PBXFileReference; explicitFileType = wrapper.cfbundle; includeInIndex = 0; path = ResonUITests.xctest; sourceTree = BUILT_PRODUCTS_DIR; };
/* End PBXFileReference section */

/* Begin PBXBuildFile section */
		A10000000000000000000011 /* ContentView.swift in Sources */ = {isa = PBXBuildFile; fileRef = A10000000000000000000001 /* ContentView.swift */; };
		A10000000000000000000012 /* Item.swift in Sources */ = {isa = PBXBuildFile; fileRef = A10000000000000000000002 /* Item.swift */; };
		A10000000000000000000013 /* ResonApp.swift in Sources */ = {isa = PBXBuildFile; fileRef = A10000000000000000000003 /* ResonApp.swift */; };
		A10000000000000000000014 /* HomeView.swift in Sources */ = {isa = PBXBuildFile; fileRef = A10000000000000000000004 /* HomeView.swift */; };
		A10000000000000000000015 /* TasksView.swift in Sources */ = {isa = PBXBuildFile; fileRef = A10000000000000000000005 /* TasksView.swift */; };
		A10000000000000000000016 /* AIView.swift in Sources */ = {isa = PBXBuildFile; fileRef = A10000000000000000000006 /* AIView.swift */; };
		A10000000000000000000017 /* BoardView.swift in Sources */ = {isa = PBXBuildFile; fileRef = A10000000000000000000007 /* BoardView.swift */; };
		A10000000000000000000018 /* ProjectsView.swift in Sources */ = {isa = PBXBuildFile; fileRef = A10000000000000000000008 /* ProjectsView.swift */; };
		A10000000000000000000019 /* SettingsView.swift in Sources */ = {isa = PBXBuildFile; fileRef = A10000000000000000000009 /* SettingsView.swift */; };
		A1000000000000000000001A /* Assets.xcassets in Resources */ = {isa = PBXBuildFile; fileRef = A1000000000000000000000A /* Assets.xcassets */; };
		A1000000000000000000001B /* TaskItem.swift in Sources */ = {isa = PBXBuildFile; fileRef = A1000000000000000000000B /* TaskItem.swift */; };
		A1000000000000000000001C /* ProjectItem.swift in Sources */ = {isa = PBXBuildFile; fileRef = A1000000000000000000000C /* ProjectItem.swift */; };
		A1000000000000000000001D /* ProgressView.swift in Sources */ = {isa = PBXBuildFile; fileRef = A1000000000000000000000D /* ProgressView.swift */; };
		A1000000000000000000001E /* TaskSkipHandling.swift in Sources */ = {isa = PBXBuildFile; fileRef = A1000000000000000000000E /* TaskSkipHandling.swift */; };
/* End PBXBuildFile section */

/* Begin PBXFileSystemSynchronizedBuildFileExceptionSet section */
		142DA572300A06E5009D1F34 /* Exceptions for "Reson" folder in "Reson" target */ = {
			isa = PBXFileSystemSynchronizedBuildFileExceptionSet;
			membershipExceptions = (
				Info.plist,
			);
			target = 142DA54E300A06E4009D1F34 /* Reson */;
		};
/* End PBXFileSystemSynchronizedBuildFileExceptionSet section */

/* Begin PBXFileSystemSynchronizedRootGroup section */
		142DA563300A06E5009D1F34 /* ResonTests */ = {
			isa = PBXFileSystemSynchronizedRootGroup;
			path = ResonTests;
			sourceTree = "<group>";
		};
		142DA56D300A06E5009D1F34 /* ResonUITests */ = {
			isa = PBXFileSystemSynchronizedRootGroup;
			path = ResonUITests;
			sourceTree = "<group>";
		};
/* End PBXFileSystemSynchronizedRootGroup section */

/* Begin PBXFrameworksBuildPhase section */
		142DA54C300A06E4009D1F34 /* Frameworks */ = {
			isa = PBXFrameworksBuildPhase;
			buildActionMask = 2147483647;
			files = (
			);
			runOnlyForDeploymentPostprocessing = 0;
		};
		142DA55D300A06E5009D1F34 /* Frameworks */ = {
			isa = PBXFrameworksBuildPhase;
			buildActionMask = 2147483647;
			files = (
			);
			runOnlyForDeploymentPostprocessing = 0;
		};
		142DA567300A06E5009D1F34 /* Frameworks */ = {
			isa = PBXFrameworksBuildPhase;
			buildActionMask = 2147483647;
			files = (
			);
			runOnlyForDeploymentPostprocessing = 0;
		};
/* End PBXFrameworksBuildPhase section */

/* Begin PBXGroup section */
		142DA546300A06E4009D1F34 = {
			isa = PBXGroup;
			children = (
				142DA551300A06E4009D1F34 /* Reson */,
				142DA563300A06E5009D1F34 /* ResonTests */,
				142DA56D300A06E5009D1F34 /* ResonUITests */,
				142DA550300A06E4009D1F34 /* Products */,
			);
			sourceTree = "<group>";
		};
		142DA550300A06E4009D1F34 /* Products */ = {
			isa = PBXGroup;
			children = (
				142DA54F300A06E4009D1F34 /* Reson.app */,
				142DA560300A06E5009D1F34 /* ResonTests.xctest */,
				142DA56A300A06E5009D1F34 /* ResonUITests.xctest */,
			);
			name = Products;
			sourceTree = "<group>";
		};
		142DA551300A06E4009D1F34 /* Reson */ = {
			isa = PBXGroup;
			children = (
				A10000000000000000000003 /* ResonApp.swift */,
				A10000000000000000000001 /* ContentView.swift */,
				A10000000000000000000002 /* Item.swift */,
				A1000000000000000000000A /* Assets.xcassets */,
				A10000000000000000000027 /* Models */,
				A10000000000000000000020 /* Features */,
			);
			path = Reson;
			sourceTree = "<group>";
		};
		A10000000000000000000027 /* Models */ = {
			isa = PBXGroup;
			children = (
				A1000000000000000000000B /* TaskItem.swift */,
				A1000000000000000000000C /* ProjectItem.swift */,
			);
			path = Models;
			sourceTree = "<group>";
		};
		A10000000000000000000020 /* Features */ = {
			isa = PBXGroup;
			children = (
				A10000000000000000000021 /* Home */,
				A10000000000000000000022 /* Tasks */,
				A10000000000000000000023 /* AI */,
				A10000000000000000000024 /* Board */,
				A10000000000000000000025 /* Projects */,
				A10000000000000000000028 /* Progress */,
				A10000000000000000000026 /* Settings */,
			);
			path = Features;
			sourceTree = "<group>";
		};
		A10000000000000000000021 /* Home */ = {isa = PBXGroup; children = (A10000000000000000000004 /* HomeView.swift */, ); path = Home; sourceTree = "<group>"; };
		A10000000000000000000022 /* Tasks */ = {isa = PBXGroup; children = (A10000000000000000000005 /* TasksView.swift */, A1000000000000000000000E /* TaskSkipHandling.swift */, ); path = Tasks; sourceTree = "<group>"; };
		A10000000000000000000023 /* AI */ = {isa = PBXGroup; children = (A10000000000000000000006 /* AIView.swift */, ); path = AI; sourceTree = "<group>"; };
		A10000000000000000000024 /* Board */ = {isa = PBXGroup; children = (A10000000000000000000007 /* BoardView.swift */, ); path = Board; sourceTree = "<group>"; };
		A10000000000000000000025 /* Projects */ = {isa = PBXGroup; children = (A10000000000000000000008 /* ProjectsView.swift */, ); path = Projects; sourceTree = "<group>"; };
		A10000000000000000000028 /* Progress */ = {isa = PBXGroup; children = (A1000000000000000000000D /* ProgressView.swift */, ); path = Progress; sourceTree = "<group>"; };
		A10000000000000000000026 /* Settings */ = {isa = PBXGroup; children = (A10000000000000000000009 /* SettingsView.swift */, ); path = Settings; sourceTree = "<group>"; };
/* End PBXGroup section */

/* Begin PBXNativeTarget section */
		142DA54E300A06E4009D1F34 /* Reson */ = {
			isa = PBXNativeTarget;
			buildConfigurationList = 142DA573300A06E5009D1F34 /* Build configuration list for PBXNativeTarget "Reson" */;
			buildPhases = (
				142DA54B300A06E4009D1F34 /* Sources */,
				142DA54C300A06E4009D1F34 /* Frameworks */,
				142DA54D300A06E4009D1F34 /* Resources */,
			);
			buildRules = (
			);
			dependencies = (
			);
			name = Reson;
			packageProductDependencies = (
			);
			productName = Reson;
			productReference = 142DA54F300A06E4009D1F34 /* Reson.app */;
			productType = "com.apple.product-type.application";
		};
		142DA55F300A06E5009D1F34 /* ResonTests */ = {
			isa = PBXNativeTarget;
			buildConfigurationList = 142DA578300A06E5009D1F34 /* Build configuration list for PBXNativeTarget "ResonTests" */;
			buildPhases = (
				142DA55C300A06E5009D1F34 /* Sources */,
				142DA55D300A06E5009D1F34 /* Frameworks */,
				142DA55E300A06E5009D1F34 /* Resources */,
			);
			buildRules = (
			);
			dependencies = (
				142DA562300A06E5009D1F34 /* PBXTargetDependency */,
			);
			fileSystemSynchronizedGroups = (
				142DA563300A06E5009D1F34 /* ResonTests */,
			);
			name = ResonTests;
			packageProductDependencies = (
			);
			productName = ResonTests;
			productReference = 142DA560300A06E5009D1F34 /* ResonTests.xctest */;
			productType = "com.apple.product-type.bundle.unit-test";
		};
		142DA569300A06E5009D1F34 /* ResonUITests */ = {
			isa = PBXNativeTarget;
			buildConfigurationList = 142DA57B300A06E5009D1F34 /* Build configuration list for PBXNativeTarget "ResonUITests" */;
			buildPhases = (
				142DA566300A06E5009D1F34 /* Sources */,
				142DA567300A06E5009D1F34 /* Frameworks */,
				142DA568300A06E5009D1F34 /* Resources */,
			);
			buildRules = (
			);
			dependencies = (
				142DA56C300A06E5009D1F34 /* PBXTargetDependency */,
			);
			fileSystemSynchronizedGroups = (
				142DA56D300A06E5009D1F34 /* ResonUITests */,
			);
			name = ResonUITests;
			packageProductDependencies = (
			);
			productName = ResonUITests;
			productReference = 142DA56A300A06E5009D1F34 /* ResonUITests.xctest */;
			productType = "com.apple.product-type.bundle.ui-testing";
		};
/* End PBXNativeTarget section */

/* Begin PBXProject section */
		142DA547300A06E4009D1F34 /* Project object */ = {
			isa = PBXProject;
			attributes = {
				BuildIndependentTargetsInParallel = 1;
				LastSwiftUpdateCheck = 2660;
				LastUpgradeCheck = 2660;
				TargetAttributes = {
					142DA54E300A06E4009D1F34 = {
						CreatedOnToolsVersion = 26.6;
					};
					142DA55F300A06E5009D1F34 = {
						CreatedOnToolsVersion = 26.6;
						TestTargetID = 142DA54E300A06E4009D1F34;
					};
					142DA569300A06E5009D1F34 = {
						CreatedOnToolsVersion = 26.6;
						TestTargetID = 142DA54E300A06E4009D1F34;
					};
				};
			};
			buildConfigurationList = 142DA54A300A06E4009D1F34 /* Build configuration list for PBXProject "Reson" */;
			developmentRegion = en;
			hasScannedForEncodings = 0;
			knownRegions = (
				en,
				Base,
			);
			mainGroup = 142DA546300A06E4009D1F34;
			minimizedProjectReferenceProxies = 1;
			preferredProjectObjectVersion = 77;
			productRefGroup = 142DA550300A06E4009D1F34 /* Products */;
			projectDirPath = "";
			projectRoot = "";
			targets = (
				142DA54E300A06E4009D1F34 /* Reson */,
				142DA55F300A06E5009D1F34 /* ResonTests */,
				142DA569300A06E5009D1F34 /* ResonUITests */,
			);
		};
/* End PBXProject section */

/* Begin PBXResourcesBuildPhase section */
		142DA54D300A06E4009D1F34 /* Resources */ = {
			isa = PBXResourcesBuildPhase;
			buildActionMask = 2147483647;
			files = (
				A1000000000000000000001A /* Assets.xcassets in Resources */,
			);
			runOnlyForDeploymentPostprocessing = 0;
		};
		142DA55E300A06E5009D1F34 /* Resources */ = {
			isa = PBXResourcesBuildPhase;
			buildActionMask = 2147483647;
			files = (
			);
			runOnlyForDeploymentPostprocessing = 0;
		};
		142DA568300A06E5009D1F34 /* Resources */ = {
			isa = PBXResourcesBuildPhase;
			buildActionMask = 2147483647;
			files = (
			);
			runOnlyForDeploymentPostprocessing = 0;
		};
/* End PBXResourcesBuildPhase section */

/* Begin PBXSourcesBuildPhase section */
		142DA54B300A06E4009D1F34 /* Sources */ = {
			isa = PBXSourcesBuildPhase;
			buildActionMask = 2147483647;
			files = (
				A10000000000000000000011 /* ContentView.swift in Sources */,
				A10000000000000000000012 /* Item.swift in Sources */,
				A10000000000000000000013 /* ResonApp.swift in Sources */,
				A10000000000000000000014 /* HomeView.swift in Sources */,
				A10000000000000000000015 /* TasksView.swift in Sources */,
				A10000000000000000000016 /* AIView.swift in Sources */,
				A10000000000000000000017 /* BoardView.swift in Sources */,
				A10000000000000000000018 /* ProjectsView.swift in Sources */,
				A10000000000000000000019 /* SettingsView.swift in Sources */,
				A1000000000000000000001B /* TaskItem.swift in Sources */,
				A1000000000000000000001C /* ProjectItem.swift in Sources */,
				A1000000000000000000001D /* ProgressView.swift in Sources */,
				A1000000000000000000001E /* TaskSkipHandling.swift in Sources */,
			);
			runOnlyForDeploymentPostprocessing = 0;
		};
		142DA55C300A06E5009D1F34 /* Sources */ = {
			isa = PBXSourcesBuildPhase;
			buildActionMask = 2147483647;
			files = (
			);
			runOnlyForDeploymentPostprocessing = 0;
		};
		142DA566300A06E5009D1F34 /* Sources */ = {
			isa = PBXSourcesBuildPhase;
			buildActionMask = 2147483647;
			files = (
			);
			runOnlyForDeploymentPostprocessing = 0;
		};
/* End PBXSourcesBuildPhase section */

/* Begin PBXTargetDependency section */
		142DA562300A06E5009D1F34 /* PBXTargetDependency */ = {
			isa = PBXTargetDependency;
			target = 142DA54E300A06E4009D1F34 /* Reson */;
			targetProxy = 142DA561300A06E5009D1F34 /* PBXContainerItemProxy */;
		};
		142DA56C300A06E5009D1F34 /* PBXTargetDependency */ = {
			isa = PBXTargetDependency;
			target = 142DA54E300A06E4009D1F34 /* Reson */;
			targetProxy = 142DA56B300A06E5009D1F34 /* PBXContainerItemProxy */;
		};
/* End PBXTargetDependency section */

/* Begin XCBuildConfiguration section */
		142DA574300A06E5009D1F34 /* Debug */ = {
			isa = XCBuildConfiguration;
			buildSettings = {
				ASSETCATALOG_COMPILER_APPICON_NAME = AppIcon;
				ASSETCATALOG_COMPILER_GLOBAL_ACCENT_COLOR_NAME = AccentColor;
				CODE_SIGN_ENTITLEMENTS = Reson/Reson.entitlements;
				CODE_SIGN_STYLE = Automatic;
				CURRENT_PROJECT_VERSION = 1;
				ENABLE_PREVIEWS = YES;
				GENERATE_INFOPLIST_FILE = YES;
				INFOPLIST_FILE = Reson/Info.plist;
				INFOPLIST_KEY_UIApplicationSceneManifest_Generation = YES;
				INFOPLIST_KEY_UIApplicationSupportsIndirectInputEvents = YES;
				INFOPLIST_KEY_UILaunchScreen_Generation = YES;
				INFOPLIST_KEY_UISupportedInterfaceOrientations_iPad = "UIInterfaceOrientationPortrait UIInterfaceOrientationPortraitUpsideDown UIInterfaceOrientationLandscapeLeft UIInterfaceOrientationLandscapeRight";
				INFOPLIST_KEY_UISupportedInterfaceOrientations_iPhone = "UIInterfaceOrientationPortrait UIInterfaceOrientationLandscapeLeft UIInterfaceOrientationLandscapeRight";
				LD_RUNPATH_SEARCH_PATHS = (
					"$(inherited)",
					"@executable_path/Frameworks",
				);
				MARKETING_VERSION = 1.0;
				PRODUCT_BUNDLE_IDENTIFIER = com.bellamy.reson.Reson;
				PRODUCT_NAME = "$(TARGET_NAME)";
				STRING_CATALOG_GENERATE_SYMBOLS = YES;
				SWIFT_APPROACHABLE_CONCURRENCY = YES;
				SWIFT_DEFAULT_ACTOR_ISOLATION = MainActor;
				SWIFT_EMIT_LOC_STRINGS = YES;
				SWIFT_UPCOMING_FEATURE_MEMBER_IMPORT_VISIBILITY = YES;
				SWIFT_VERSION = 5.0;
				TARGETED_DEVICE_FAMILY = "1,2";
			};
			name = Debug;
		};
		142DA575300A06E5009D1F34 /* Release */ = {
			isa = XCBuildConfiguration;
			buildSettings = {
				ASSETCATALOG_COMPILER_APPICON_NAME = AppIcon;
				ASSETCATALOG_COMPILER_GLOBAL_ACCENT_COLOR_NAME = AccentColor;
				CODE_SIGN_ENTITLEMENTS = Reson/Reson.entitlements;
				CODE_SIGN_STYLE = Automatic;
				CURRENT_PROJECT_VERSION = 1;
				ENABLE_PREVIEWS = YES;
				GENERATE_INFOPLIST_FILE = YES;
				INFOPLIST_FILE = Reson/Info.plist;
				INFOPLIST_KEY_UIApplicationSceneManifest_Generation = YES;
				INFOPLIST_KEY_UIApplicationSupportsIndirectInputEvents = YES;
				INFOPLIST_KEY_UILaunchScreen_Generation = YES;
				INFOPLIST_KEY_UISupportedInterfaceOrientations_iPad = "UIInterfaceOrientationPortrait UIInterfaceOrientationPortraitUpsideDown UIInterfaceOrientationLandscapeLeft UIInterfaceOrientationLandscapeRight";
				INFOPLIST_KEY_UISupportedInterfaceOrientations_iPhone = "UIInterfaceOrientationPortrait UIInterfaceOrientationLandscapeLeft UIInterfaceOrientationLandscapeRight";
				LD_RUNPATH_SEARCH_PATHS = (
					"$(inherited)",
					"@executable_path/Frameworks",
				);
				MARKETING_VERSION = 1.0;
				PRODUCT_BUNDLE_IDENTIFIER = com.bellamy.reson.Reson;
				PRODUCT_NAME = "$(TARGET_NAME)";
				STRING_CATALOG_GENERATE_SYMBOLS = YES;
				SWIFT_APPROACHABLE_CONCURRENCY = YES;
				SWIFT_DEFAULT_ACTOR_ISOLATION = MainActor;
				SWIFT_EMIT_LOC_STRINGS = YES;
				SWIFT_UPCOMING_FEATURE_MEMBER_IMPORT_VISIBILITY = YES;
				SWIFT_VERSION = 5.0;
				TARGETED_DEVICE_FAMILY = "1,2";
			};
			name = Release;
		};
		142DA576300A06E5009D1F34 /* Debug */ = {
			isa = XCBuildConfiguration;
			buildSettings = {
				ALWAYS_SEARCH_USER_PATHS = NO;
				ASSETCATALOG_COMPILER_GENERATE_SWIFT_ASSET_SYMBOL_EXTENSIONS = YES;
				CLANG_ANALYZER_NONNULL = YES;
				CLANG_ANALYZER_NUMBER_OBJECT_CONVERSION = YES_AGGRESSIVE;
				CLANG_CXX_LANGUAGE_STANDARD = "gnu++20";
				CLANG_ENABLE_MODULES = YES;
				CLANG_ENABLE_OBJC_ARC = YES;
				CLANG_ENABLE_OBJC_WEAK = YES;
				CLANG_WARN_BLOCK_CAPTURE_AUTORELEASING = YES;
				CLANG_WARN_BOOL_CONVERSION = YES;
				CLANG_WARN_COMMA = YES;
				CLANG_WARN_CONSTANT_CONVERSION = YES;
				CLANG_WARN_DEPRECATED_OBJC_IMPLEMENTATIONS = YES;
				CLANG_WARN_DIRECT_OBJC_ISA_USAGE = YES_ERROR;
				CLANG_WARN_DOCUMENTATION_COMMENTS = YES;
				CLANG_WARN_EMPTY_BODY = YES;
				CLANG_WARN_ENUM_CONVERSION = YES;
				CLANG_WARN_INFINITE_RECURSION = YES;
				CLANG_WARN_INT_CONVERSION = YES;
				CLANG_WARN_NON_LITERAL_NULL_CONVERSION = YES;
				CLANG_WARN_OBJC_IMPLICIT_RETAIN_SELF = YES;
				CLANG_WARN_OBJC_LITERAL_CONVERSION = YES;
				CLANG_WARN_OBJC_ROOT_CLASS = YES_ERROR;
				CLANG_WARN_QUOTED_INCLUDE_IN_FRAMEWORK_HEADER = YES;
				CLANG_WARN_RANGE_LOOP_ANALYSIS = YES;
				CLANG_WARN_STRICT_PROTOTYPES = YES;
				CLANG_WARN_SUSPICIOUS_MOVE = YES;
				CLANG_WARN_UNGUARDED_AVAILABILITY = YES_AGGRESSIVE;
				CLANG_WARN_UNREACHABLE_CODE = YES;
				CLANG_WARN__DUPLICATE_METHOD_MATCH = YES;
				COPY_PHASE_STRIP = NO;
				DEBUG_INFORMATION_FORMAT = dwarf;
				ENABLE_STRICT_OBJC_MSGSEND = YES;
				ENABLE_TESTABILITY = YES;
				ENABLE_USER_SCRIPT_SANDBOXING = YES;
				GCC_C_LANGUAGE_STANDARD = gnu17;
				GCC_DYNAMIC_NO_PIC = NO;
				GCC_NO_COMMON_BLOCKS = YES;
				GCC_OPTIMIZATION_LEVEL = 0;
				GCC_PREPROCESSOR_DEFINITIONS = (
					"DEBUG=1",
					"$(inherited)",
				);
				GCC_WARN_64_TO_32_BIT_CONVERSION = YES;
				GCC_WARN_ABOUT_RETURN_TYPE = YES_ERROR;
				GCC_WARN_UNDECLARED_SELECTOR = YES;
				GCC_WARN_UNINITIALIZED_AUTOS = YES_AGGRESSIVE;
				GCC_WARN_UNUSED_FUNCTION = YES;
				GCC_WARN_UNUSED_VARIABLE = YES;
				IPHONEOS_DEPLOYMENT_TARGET = 26.5;
				LOCALIZATION_PREFERS_STRING_CATALOGS = YES;
				MTL_ENABLE_DEBUG_INFO = INCLUDE_SOURCE;
				MTL_FAST_MATH = YES;
				ONLY_ACTIVE_ARCH = YES;
				SDKROOT = iphoneos;
				SWIFT_ACTIVE_COMPILATION_CONDITIONS = "DEBUG $(inherited)";
				SWIFT_OPTIMIZATION_LEVEL = "-Onone";
			};
			name = Debug;
		};
		142DA577300A06E5009D1F34 /* Release */ = {
			isa = XCBuildConfiguration;
			buildSettings = {
				ALWAYS_SEARCH_USER_PATHS = NO;
				ASSETCATALOG_COMPILER_GENERATE_SWIFT_ASSET_SYMBOL_EXTENSIONS = YES;
				CLANG_ANALYZER_NONNULL = YES;
				CLANG_ANALYZER_NUMBER_OBJECT_CONVERSION = YES_AGGRESSIVE;
				CLANG_CXX_LANGUAGE_STANDARD = "gnu++20";
				CLANG_ENABLE_MODULES = YES;
				CLANG_ENABLE_OBJC_ARC = YES;
				CLANG_ENABLE_OBJC_WEAK = YES;
				CLANG_WARN_BLOCK_CAPTURE_AUTORELEASING = YES;
				CLANG_WARN_BOOL_CONVERSION = YES;
				CLANG_WARN_COMMA = YES;
				CLANG_WARN_CONSTANT_CONVERSION = YES;
				CLANG_WARN_DEPRECATED_OBJC_IMPLEMENTATIONS = YES;
				CLANG_WARN_DIRECT_OBJC_ISA_USAGE = YES_ERROR;
				CLANG_WARN_DOCUMENTATION_COMMENTS = YES;
				CLANG_WARN_EMPTY_BODY = YES;
				CLANG_WARN_ENUM_CONVERSION = YES;
				CLANG_WARN_INFINITE_RECURSION = YES;
				CLANG_WARN_INT_CONVERSION = YES;
				CLANG_WARN_NON_LITERAL_NULL_CONVERSION = YES;
				CLANG_WARN_OBJC_IMPLICIT_RETAIN_SELF = YES;
				CLANG_WARN_OBJC_LITERAL_CONVERSION = YES;
				CLANG_WARN_OBJC_ROOT_CLASS = YES_ERROR;
				CLANG_WARN_QUOTED_INCLUDE_IN_FRAMEWORK_HEADER = YES;
				CLANG_WARN_RANGE_LOOP_ANALYSIS = YES;
				CLANG_WARN_STRICT_PROTOTYPES = YES;
				CLANG_WARN_SUSPICIOUS_MOVE = YES;
				CLANG_WARN_UNGUARDED_AVAILABILITY = YES_AGGRESSIVE;
				CLANG_WARN_UNREACHABLE_CODE = YES;
				CLANG_WARN__DUPLICATE_METHOD_MATCH = YES;
				COPY_PHASE_STRIP = NO;
				DEBUG_INFORMATION_FORMAT = "dwarf-with-dsym";
				ENABLE_NS_ASSERTIONS = NO;
				ENABLE_STRICT_OBJC_MSGSEND = YES;
				ENABLE_USER_SCRIPT_SANDBOXING = YES;
				GCC_C_LANGUAGE_STANDARD = gnu17;
				GCC_NO_COMMON_BLOCKS = YES;
				GCC_WARN_64_TO_32_BIT_CONVERSION = YES;
				GCC_WARN_ABOUT_RETURN_TYPE = YES_ERROR;
				GCC_WARN_UNDECLARED_SELECTOR = YES;
				GCC_WARN_UNINITIALIZED_AUTOS = YES_AGGRESSIVE;
				GCC_WARN_UNUSED_FUNCTION = YES;
				GCC_WARN_UNUSED_VARIABLE = YES;
				IPHONEOS_DEPLOYMENT_TARGET = 26.5;
				LOCALIZATION_PREFERS_STRING_CATALOGS = YES;
				MTL_ENABLE_DEBUG_INFO = NO;
				MTL_FAST_MATH = YES;
				SDKROOT = iphoneos;
				SWIFT_COMPILATION_MODE = wholemodule;
				VALIDATE_PRODUCT = YES;
			};
			name = Release;
		};
		142DA579300A06E5009D1F34 /* Debug */ = {
			isa = XCBuildConfiguration;
			buildSettings = {
				BUNDLE_LOADER = "$(TEST_HOST)";
				CODE_SIGN_STYLE = Automatic;
				CURRENT_PROJECT_VERSION = 1;
				GENERATE_INFOPLIST_FILE = YES;
				IPHONEOS_DEPLOYMENT_TARGET = 26.5;
				MARKETING_VERSION = 1.0;
				PRODUCT_BUNDLE_IDENTIFIER = com.bellamy.reson.ResonTests;
				PRODUCT_NAME = "$(TARGET_NAME)";
				STRING_CATALOG_GENERATE_SYMBOLS = NO;
				SWIFT_APPROACHABLE_CONCURRENCY = YES;
				SWIFT_EMIT_LOC_STRINGS = NO;
				SWIFT_UPCOMING_FEATURE_MEMBER_IMPORT_VISIBILITY = YES;
				SWIFT_VERSION = 5.0;
				TARGETED_DEVICE_FAMILY = "1,2";
				TEST_HOST = "$(BUILT_PRODUCTS_DIR)/Reson.app/$(BUNDLE_EXECUTABLE_FOLDER_PATH)/Reson";
			};
			name = Debug;
		};
		142DA57A300A06E5009D1F34 /* Release */ = {
			isa = XCBuildConfiguration;
			buildSettings = {
				BUNDLE_LOADER = "$(TEST_HOST)";
				CODE_SIGN_STYLE = Automatic;
				CURRENT_PROJECT_VERSION = 1;
				GENERATE_INFOPLIST_FILE = YES;
				IPHONEOS_DEPLOYMENT_TARGET = 26.5;
				MARKETING_VERSION = 1.0;
				PRODUCT_BUNDLE_IDENTIFIER = com.bellamy.reson.ResonTests;
				PRODUCT_NAME = "$(TARGET_NAME)";
				STRING_CATALOG_GENERATE_SYMBOLS = NO;
				SWIFT_APPROACHABLE_CONCURRENCY = YES;
				SWIFT_EMIT_LOC_STRINGS = NO;
				SWIFT_UPCOMING_FEATURE_MEMBER_IMPORT_VISIBILITY = YES;
				SWIFT_VERSION = 5.0;
				TARGETED_DEVICE_FAMILY = "1,2";
				TEST_HOST = "$(BUILT_PRODUCTS_DIR)/Reson.app/$(BUNDLE_EXECUTABLE_FOLDER_PATH)/Reson";
			};
			name = Release;
		};
		142DA57C300A06E5009D1F34 /* Debug */ = {
			isa = XCBuildConfiguration;
			buildSettings = {
				CODE_SIGN_STYLE = Automatic;
				CURRENT_PROJECT_VERSION = 1;
				GENERATE_INFOPLIST_FILE = YES;
				MARKETING_VERSION = 1.0;
				PRODUCT_BUNDLE_IDENTIFIER = com.bellamy.reson.ResonUITests;
				PRODUCT_NAME = "$(TARGET_NAME)";
				STRING_CATALOG_GENERATE_SYMBOLS = NO;
				SWIFT_APPROACHABLE_CONCURRENCY = YES;
				SWIFT_EMIT_LOC_STRINGS = NO;
				SWIFT_UPCOMING_FEATURE_MEMBER_IMPORT_VISIBILITY = YES;
				SWIFT_VERSION = 5.0;
				TARGETED_DEVICE_FAMILY = "1,2";
				TEST_TARGET_NAME = Reson;
			};
			name = Debug;
		};
		142DA57D300A06E5009D1F34 /* Release */ = {
			isa = XCBuildConfiguration;
			buildSettings = {
				CODE_SIGN_STYLE = Automatic;
				CURRENT_PROJECT_VERSION = 1;
				GENERATE_INFOPLIST_FILE = YES;
				MARKETING_VERSION = 1.0;
				PRODUCT_BUNDLE_IDENTIFIER = com.bellamy.reson.ResonUITests;
				PRODUCT_NAME = "$(TARGET_NAME)";
				STRING_CATALOG_GENERATE_SYMBOLS = NO;
				SWIFT_APPROACHABLE_CONCURRENCY = YES;
				SWIFT_EMIT_LOC_STRINGS = NO;
				SWIFT_UPCOMING_FEATURE_MEMBER_IMPORT_VISIBILITY = YES;
				SWIFT_VERSION = 5.0;
				TARGETED_DEVICE_FAMILY = "1,2";
				TEST_TARGET_NAME = Reson;
			};
			name = Release;
		};
/* End XCBuildConfiguration section */

/* Begin XCConfigurationList section */
		142DA54A300A06E4009D1F34 /* Build configuration list for PBXProject "Reson" */ = {
			isa = XCConfigurationList;
			buildConfigurations = (
				142DA576300A06E5009D1F34 /* Debug */,
				142DA577300A06E5009D1F34 /* Release */,
			);
			defaultConfigurationIsVisible = 0;
			defaultConfigurationName = Release;
		};
		142DA573300A06E5009D1F34 /* Build configuration list for PBXNativeTarget "Reson" */ = {
			isa = XCConfigurationList;
			buildConfigurations = (
				142DA574300A06E5009D1F34 /* Debug */,
				142DA575300A06E5009D1F34 /* Release */,
			);
			defaultConfigurationIsVisible = 0;
			defaultConfigurationName = Release;
		};
		142DA578300A06E5009D1F34 /* Build configuration list for PBXNativeTarget "ResonTests" */ = {
			isa = XCConfigurationList;
			buildConfigurations = (
				142DA579300A06E5009D1F34 /* Debug */,
				142DA57A300A06E5009D1F34 /* Release */,
			);
			defaultConfigurationIsVisible = 0;
			defaultConfigurationName = Release;
		};
		142DA57B300A06E5009D1F34 /* Build configuration list for PBXNativeTarget "ResonUITests" */ = {
			isa = XCConfigurationList;
			buildConfigurations = (
				142DA57C300A06E5009D1F34 /* Debug */,
				142DA57D300A06E5009D1F34 /* Release */,
			);
			defaultConfigurationIsVisible = 0;
			defaultConfigurationName = Release;
		};
/* End XCConfigurationList section */
	};
	rootObject = 142DA547300A06E4009D1F34 /* Project object */;
}
